
Microsoft Visual Studio Solution File, Format Version 12.00
# Visual Studio Version 17
VisualStudioVersion = 17.10.35122.118
MinimumVisualStudioVersion = 10.0.40219.1
Project("{8BC9CEB8-8B4A-11D0-8D11-00A0C91BC942}") = "Ball", "Ball\Ball.vcxproj", "{DA091623-EE81-4F1C-94ED-B7176B4BC647}"
EndProject
Global
	GlobalSection(SolutionConfigurationPlatforms) = preSolution
		Debug|x64 = Debug|x64
		Debug|x86 = Debug|x86
		Release|x64 = Release|x64
		Release|x86 = Release|x86
	EndGlobalSection
	GlobalSection(ProjectConfigurationPlatforms) = postSolution
		{DA091623-EE81-4F1C-94ED-B7176B4BC647}.Debug|x64.ActiveCfg = Debug|x64
		{DA091623-EE81-4F1C-94ED-B7176B4BC647}.Debug|x64.Build.0 = Debug|x64
		{DA091623-EE81-4F1C-94ED-B7176B4BC647}.Debug|x86.ActiveCfg = Debug|Win32
		{DA091623-EE81-4F1C-94ED-B7176B4BC647}.Debug|x86.Build.0 = Debug|Win32
		{DA091623-EE81-4F1C-94ED-B7176B4BC647}.Release|x64.ActiveCfg = Release|x64
		{DA091623-EE81-4F1C-94ED-B7176B4BC647}.Release|x64.Build.0 = Release|x64
		{DA091623-EE81-4F1C-94ED-B7176B4BC647}.Release|x86.ActiveCfg = Release|Win32
		{DA091623-EE81-4F1C-94ED-B7176B4BC647}.Release|x86.Build.0 = Release|Win32
	EndGlobalSection
	GlobalSection(SolutionProperties) = preSolution
		HideSolutionNode = FALSE
	EndGlobalSection
	GlobalSection(ExtensibilityGlobals) = postSolution
		SolutionGuid = {228199AA-0E22-408B-A189-B92112300AFA}
	EndGlobalSection
EndGlobal
